schema: '2.0'
stages:
  prepare:
    cmd: python src/prepare.py
    deps:
    - path: data/raw/stanford_dogs/Annotation
      hash: md5
      md5: 2211795d6bcd4abec35de6ff8311c494.dir
      size: 10346259
      nfiles: 20580
    - path: data/raw/stanford_dogs/Images
      hash: md5
      md5: 8bdba35a1f267af17ab5834acb345154.dir
      size: 777706781
      nfiles: 20580
    - path: src/prepare.py
      hash: md5
      md5: 768475ce00945d92b7c810659d3e4c71
      size: 16126
    params:
      params.yaml:
        data:
          img_size: 224
          val_split: 0.15
          test_split: 0.15
          num_workers: 4
          use_bbox_crop: true
          num_classes: 120
          raw_dir: data/raw/stanford_dogs
          out_dir: data/processed
          sources:
            images: http://vision.stanford.edu/aditya86/ImageNetDogs/images.tar
            annotations: 
              http://vision.stanford.edu/aditya86/ImageNetDogs/annotation.tar
          bbox_margin: 0.0
          jpeg_quality: 95
          seed: 42
    outs:
    - path: data/processed/test
      hash: md5
      md5: 89c8317adbe24d4c86f6144a379910d0.dir
      size: 69864988
      nfiles: 3099
    - path: data/processed/train
      hash: md5
      md5: 516ac2c8d0a1ae64c98eab7c5074e0cd.dir
      size: 325845956
      nfiles: 14397
    - path: data/processed/val
      hash: md5
      md5: f3e5d0af3f4426469a0d540f3ba61b42.dir
      size: 70013566
      nfiles: 3084
    - path: reports/split_summary.json
      hash: md5
      md5: 73383708c398302343c34fc681132f1e
      size: 10426
  train:
    cmd: python src/train.py --stage head && python src/train.py --stage 
      finetune
    deps:
    - path: data/processed/train/
      hash: md5
      md5: 516ac2c8d0a1ae64c98eab7c5074e0cd.dir
      size: 325845956
      nfiles: 14397
    - path: params.yaml
      hash: md5
      md5: 6880bd64c3f31b2bc71f71ebd913dc14
      size: 1446
    - path: src/train.py
      hash: md5
      md5: 9d402d98c6e66032e1df55424bb7a05a
      size: 13932
    params:
      params.yaml:
        data:
          img_size: 224
          val_split: 0.15
          test_split: 0.15
          num_workers: 4
          use_bbox_crop: true
          num_classes: 120
          raw_dir: data/raw/stanford_dogs
          out_dir: data/processed
          sources:
            images: http://vision.stanford.edu/aditya86/ImageNetDogs/images.tar
            annotations: 
              http://vision.stanford.edu/aditya86/ImageNetDogs/annotation.tar
          bbox_margin: 0.0
          jpeg_quality: 95
          seed: 42
        train_finetune:
          epochs: 30
          lr_initial: 0.0001
          lr_min: 1e-06
          batch_size: 32
          weight_decay: 0.0001
          label_smoothing: 0.1
          early_stopping_patience: 7
        train_head:
          epochs: 5
          lr: 0.001
          batch_size: 32
          dropout: 0.4
    outs:
    - path: models/resnet18_best.pt
      hash: md5
      md5: cbb4c44ae8176a8c226bd84376735ddd
      size: 45030603
    - path: reports/metrics_train.json
      hash: md5
      md5: fb6b204ff897f8b205a336694b5d3c26
      size: 316
  evaluate:
    cmd: python src/evaluate.py
    deps:
    - path: data/processed/train/
      hash: md5
      md5: 516ac2c8d0a1ae64c98eab7c5074e0cd.dir
      size: 325845956
      nfiles: 14397
    - path: models/resnet18_best.pt
      hash: md5
      md5: cbb4c44ae8176a8c226bd84376735ddd
      size: 45030603
    - path: params.yaml
      hash: md5
      md5: 6880bd64c3f31b2bc71f71ebd913dc14
      size: 1446
    - path: src/evaluate.py
      hash: md5
      md5: 191425f200b793d3dc7c68a872f63831
      size: 8681
    params:
      params.yaml:
        data:
          img_size: 224
          val_split: 0.15
          test_split: 0.15
          num_workers: 4
          use_bbox_crop: true
          num_classes: 120
          raw_dir: data/raw/stanford_dogs
          out_dir: data/processed
          sources:
            images: http://vision.stanford.edu/aditya86/ImageNetDogs/images.tar
            annotations: 
              http://vision.stanford.edu/aditya86/ImageNetDogs/annotation.tar
          bbox_margin: 0.0
          jpeg_quality: 95
          seed: 42
        train_finetune:
          epochs: 30
          lr_initial: 0.0001
          lr_min: 1e-06
          batch_size: 32
          weight_decay: 0.0001
          label_smoothing: 0.1
          early_stopping_patience: 7
        train_head:
          epochs: 5
          lr: 0.001
          batch_size: 32
          dropout: 0.4
    outs:
    - path: reports/metrics_test.json
      hash: md5
      md5: 17271c1dbe7c03d39162e93c5309b41c
      size: 139
    - path: reports/plots/confusion_matrix.png
      hash: md5
      md5: 38ad1c0acd91eb774fbf7a07854416ef
      size: 319040
  ood_binary:
    cmd: python src/ood_binary.py
    deps:
    - path: data/processed/train
      hash: md5
      md5: 516ac2c8d0a1ae64c98eab7c5074e0cd.dir
      size: 325845956
      nfiles: 14397
    - path: data/processed/val
      hash: md5
      md5: f3e5d0af3f4426469a0d540f3ba61b42.dir
      size: 70013566
      nfiles: 3084
    - path: data/raw/ood/val
      hash: md5
      md5: 15e54c3fd730e3923ab6bf169aaca98e.dir
      size: 4849221
      nfiles: 250
    - path: src/ood_binary.py
      hash: md5
      md5: 03dde331707bb12ad35898c443cec69e
      size: 39031
    params:
      params.yaml:
        data:
          img_size: 224
          val_split: 0.15
          test_split: 0.15
          num_workers: 4
          use_bbox_crop: true
          num_classes: 120
          raw_dir: data/raw/stanford_dogs
          out_dir: data/processed
          sources:
            images: http://vision.stanford.edu/aditya86/ImageNetDogs/images.tar
            annotations: 
              http://vision.stanford.edu/aditya86/ImageNetDogs/annotation.tar
          bbox_margin: 0.0
          jpeg_quality: 95
          seed: 42
        ood_binary:
          epochs: 15
          lr: 0.001
          batch_size: 32
          dropout: 0.3
        ood_entropy:
          temperature: 1.0
          target_tpr: 0.95
    outs:
    - path: models/binary_cnn.pt
      hash: md5
      md5: 41587bca7b8286aac8ed0633c8495918
      size: 2485493
    - path: reports/ood/binary_training_history.png
      hash: md5
      md5: d0cdb0e8c08de975e87eaea3537f6464
      size: 383643
    - path: reports/ood/strategy_b_validation_metrics.json
      hash: md5
      md5: 6ff3c811e580e976b930a6db972cc771
      size: 432
  ood_compare:
    cmd: python src/ood_compare.py
    deps:
    - path: reports/ood/strategy_a_metrics.json
      hash: md5
      md5: 84b092a2d4600c06d327ef222602749d
      size: 309
    - path: reports/ood/strategy_a_test_scores.npz
      hash: md5
      md5: 43b951276a4cc8a175800fb03377cfdb
      size: 15305
    - path: reports/ood/strategy_b_test_metrics.json
      hash: md5
      md5: 06502ef3c513422552a1e6ce6cf39d4c
      size: 369
    - path: reports/ood/strategy_b_test_scores.npz
      hash: md5
      md5: 77469faee46da1fa3ed559d5fdf49b9f
      size: 15307
    - path: src/ood_compare.py
      hash: md5
      md5: 16f2145a034a8974f98fcf41c37abdb8
      size: 18560
    outs:
    - path: reports/ood/comparison_summary.txt
      hash: md5
      md5: 2cc816b8a05109bb5f3d18fc9de1980d
      size: 484
    - path: reports/ood/reliability_comparison.png
      hash: md5
      md5: 2f2becb906c18d3e31352db21592d80e
      size: 228740
    - path: reports/ood/strategy_comparison.csv
      hash: md5
      md5: 89f2c6ad2bb1717be07ce9610392dce4
      size: 279
    - path: reports/ood/strategy_comparison.json
      hash: md5
      md5: f44efc502c16757f6be462010843eb6a
      size: 1038
    - path: reports/ood/strategy_comparison.png
      hash: md5
      md5: 15f9f701e8bc1b0b8adf18c4ed144052
      size: 111931
  ood_entropy:
    cmd: python src/ood_entropy.py --num-workers 0
    deps:
    - path: data/processed/test
      hash: md5
      md5: 89c8317adbe24d4c86f6144a379910d0.dir
      size: 69864988
      nfiles: 3099
    - path: data/processed/val
      hash: md5
      md5: f3e5d0af3f4426469a0d540f3ba61b42.dir
      size: 70013566
      nfiles: 3084
    - path: data/raw/ood/test
      hash: md5
      md5: fb73226c2cd549de5504346e8a31c8be.dir
      size: 19275299
      nfiles: 1000
    - path: models/resnet18_best.pt
      hash: md5
      md5: cbb4c44ae8176a8c226bd84376735ddd
      size: 45030603
    - path: src/evaluate.py
      hash: md5
      md5: 38fe5e3363a72278c3156cf95aaa9ac5
      size: 8946
    - path: src/ood_entropy.py
      hash: md5
      md5: 1eb5d7e08269fbfd050ec70ebff6cf31
      size: 22416
    params:
      params.yaml:
        data:
          img_size: 224
          val_split: 0.15
          test_split: 0.15
          num_workers: 4
          use_bbox_crop: true
          num_classes: 120
          raw_dir: data/raw/stanford_dogs
          out_dir: data/processed
          sources:
            images: http://vision.stanford.edu/aditya86/ImageNetDogs/images.tar
            annotations: 
              http://vision.stanford.edu/aditya86/ImageNetDogs/annotation.tar
          bbox_margin: 0.0
          jpeg_quality: 95
          seed: 42
        ood_entropy:
          temperature: 1.0
          target_tpr: 0.95
        train_head:
          epochs: 5
          lr: 0.001
          batch_size: 32
          dropout: 0.4
    outs:
    - path: reports/ood/entropy_distribution.png
      hash: md5
      md5: 0e01ff18a4d9deb47b891398dfb8bb2f
      size: 93455
    - path: reports/ood/entropy_threshold.json
      hash: md5
      md5: 8ec2928ee0d17cdb3e640507ef6f9196
      size: 97
    - path: reports/ood/strategy_a_metrics.json
      hash: md5
      md5: 84b092a2d4600c06d327ef222602749d
      size: 309
    - path: reports/ood/strategy_a_test_scores.npz
      hash: md5
      md5: 43b951276a4cc8a175800fb03377cfdb
      size: 15305
  ood_binary_evaluate:
    cmd: python src/ood_binary.py --evaluate-only --num-workers 0
    deps:
    - path: data/processed/test
      hash: md5
      md5: 89c8317adbe24d4c86f6144a379910d0.dir
      size: 69864988
      nfiles: 3099
    - path: data/raw/ood/test
      hash: md5
      md5: fb73226c2cd549de5504346e8a31c8be.dir
      size: 19275299
      nfiles: 1000
    - path: models/binary_cnn.pt
      hash: md5
      md5: 41587bca7b8286aac8ed0633c8495918
      size: 2485493
    - path: src/ood_binary.py
      hash: md5
      md5: 03dde331707bb12ad35898c443cec69e
      size: 39031
    params:
      params.yaml:
        data:
          img_size: 224
          val_split: 0.15
          test_split: 0.15
          num_workers: 4
          use_bbox_crop: true
          num_classes: 120
          raw_dir: data/raw/stanford_dogs
          out_dir: data/processed
          sources:
            images: http://vision.stanford.edu/aditya86/ImageNetDogs/images.tar
            annotations: 
              http://vision.stanford.edu/aditya86/ImageNetDogs/annotation.tar
          bbox_margin: 0.0
          jpeg_quality: 95
          seed: 42
        ood_binary:
          epochs: 15
          lr: 0.001
          batch_size: 32
          dropout: 0.3
        ood_entropy:
          temperature: 1.0
          target_tpr: 0.95
    outs:
    - path: reports/ood/strategy_b_test_metrics.json
      hash: md5
      md5: 06502ef3c513422552a1e6ce6cf39d4c
      size: 369
    - path: reports/ood/strategy_b_test_scores.npz
      hash: md5
      md5: 77469faee46da1fa3ed559d5fdf49b9f
      size: 15307
  calibrate:
    cmd: python src/calibrate.py
    deps:
    - path: data/processed/val
      hash: md5
      md5: f3e5d0af3f4426469a0d540f3ba61b42.dir
      size: 70013566
      nfiles: 3084
    - path: models/resnet18_best.pt
      hash: md5
      md5: cbb4c44ae8176a8c226bd84376735ddd
      size: 45030603
    - path: src/calibrate.py
      hash: md5
      md5: ec5ff5c4e9f991e0e9987cb8ee014dff
      size: 8073
    params:
      params.yaml:
        data:
          img_size: 224
          val_split: 0.15
          test_split: 0.15
          num_workers: 4
          use_bbox_crop: true
          num_classes: 120
          raw_dir: data/raw/stanford_dogs
          out_dir: data/processed
          sources:
            images: http://vision.stanford.edu/aditya86/ImageNetDogs/images.tar
            annotations: 
              http://vision.stanford.edu/aditya86/ImageNetDogs/annotation.tar
          bbox_margin: 0.0
          jpeg_quality: 95
          seed: 42
        train_head:
          epochs: 5
          lr: 0.001
          batch_size: 32
          dropout: 0.4
    outs:
    - path: models/temperature.json
      hash: md5
      md5: 8bb8b266eaf6e2c06a18561ce1397ae6
      size: 120
